# THIS IS AN AUTOGENERATED FILE. DO NOT EDIT THIS FILE DIRECTLY.
# yarn lockfile v1


rplc8@^1.1.0:
  version "1.1.0"
  resolved "https://registry.yarnpkg.com/rplc8/-/rplc8-1.1.0.tgz#12b68a1e475381bba15aafaa2cd04e9b039d94ee"
  integrity sha512-cawKSIrji9CqlZ6ZD1cmCzAkPJkAqWRYtJwvuSs+UVnRzL1Pe1aXvw7RaOdpC2gODvxBu1dR34XCERy6Ox4XHQ==
